// !$*UTF8*$!
{
	archiveVersion = 1;
	classes = {
	};
	objectVersion = 48;
	objects = {

/* Begin PBXBuildFile section */
		7908FF3A1FEBFA6A00B852A7 /* NeuroMSK VC.swift in Sources */ = {isa = PBXBuildFile; fileRef = 7908FF391FEBFA6A00B852A7 /* NeuroMSK VC.swift */; };
		7908FF3C1FEBFA7D00B852A7 /* MSK Model.swift in Sources */ = {isa = PBXBuildFile; fileRef = 7908FF3B1FEBFA7D00B852A7 /* MSK Model.swift */; };
		7908FF3E1FEBFE1600B852A7 /* GeneralExtensions.swift in Sources */ = {isa = PBXBuildFile; fileRef = 7908FF3D1FEBFE1600B852A7 /* GeneralExtensions.swift */; };
		7908FF401FEBFE1C00B852A7 /* StringExtensions.swift in Sources */ = {isa = PBXBuildFile; fileRef = 7908FF3F1FEBFE1C00B852A7 /* StringExtensions.swift */; };
		790A83A72003E56F006712CF /* Psychological Model.swift in Sources */ = {isa = PBXBuildFile; fileRef = 790A83A62003E56F006712CF /* Psychological Model.swift */; };
		790A83A92003EA5C006712CF /* HeadEye Model.swift in Sources */ = {isa = PBXBuildFile; fileRef = 790A83A82003EA5C006712CF /* HeadEye Model.swift */; };
		790A83AB2003F41A006712CF /* Neck Model.swift in Sources */ = {isa = PBXBuildFile; fileRef = 790A83AA2003F41A006712CF /* Neck Model.swift */; };
		790A83AD2003F567006712CF /* ENT Model.swift in Sources */ = {isa = PBXBuildFile; fileRef = 790A83AC2003F567006712CF /* ENT Model.swift */; };
		790A83AF2003FAE1006712CF /* CVChestGILymph VC.swift in Sources */ = {isa = PBXBuildFile; fileRef = 790A83AE2003FAE1006712CF /* CVChestGILymph VC.swift */; };
		790A83B12003FB61006712CF /* CV Model.swift in Sources */ = {isa = PBXBuildFile; fileRef = 790A83B02003FB61006712CF /* CV Model.swift */; };
		79369EE11FFFEC96005FDE4A /* GenPsychHEENTNeck VC.swift in Sources */ = {isa = PBXBuildFile; fileRef = 79369EE01FFFEC96005FDE4A /* GenPsychHEENTNeck VC.swift */; };
		79369EE31FFFECBE005FDE4A /* General Model.swift in Sources */ = {isa = PBXBuildFile; fileRef = 79369EE21FFFECBE005FDE4A /* General Model.swift */; };
		7955507F200516D900DBC4DB /* Chest Model.swift in Sources */ = {isa = PBXBuildFile; fileRef = 7955507E200516D900DBC4DB /* Chest Model.swift */; };
		795550812005191800DBC4DB /* GI Model.swift in Sources */ = {isa = PBXBuildFile; fileRef = 795550802005191800DBC4DB /* GI Model.swift */; };
		7955508320051ABE00DBC4DB /* Lymph Model.swift in Sources */ = {isa = PBXBuildFile; fileRef = 7955508220051ABE00DBC4DB /* Lymph Model.swift */; };
		7955508520053BEC00DBC4DB /* Extremities VC.swift in Sources */ = {isa = PBXBuildFile; fileRef = 7955508420053BEC00DBC4DB /* Extremities VC.swift */; };
		79555087200549C500DBC4DB /* Neuro Model.swift in Sources */ = {isa = PBXBuildFile; fileRef = 79555086200549C500DBC4DB /* Neuro Model.swift */; };
		795FBEC71FEACB700095B05D /* AppDelegate.swift in Sources */ = {isa = PBXBuildFile; fileRef = 795FBEC61FEACB700095B05D /* AppDelegate.swift */; };
		795FBEC91FEACB700095B05D /* ViewController.swift in Sources */ = {isa = PBXBuildFile; fileRef = 795FBEC81FEACB700095B05D /* ViewController.swift */; };
		795FBECB1FEACB700095B05D /* Assets.xcassets in Resources */ = {isa = PBXBuildFile; fileRef = 795FBECA1FEACB700095B05D /* Assets.xcassets */; };
		795FBECE1FEACB700095B05D /* Main.storyboard in Resources */ = {isa = PBXBuildFile; fileRef = 795FBECC1FEACB700095B05D /* Main.storyboard */; };
		79AC68A3201106F40055FAB3 /* DigitAssessment.swift in Sources */ = {isa = PBXBuildFile; fileRef = 79AC68A2201106F40055FAB3 /* DigitAssessment.swift */; };
		79AC68A5201107440055FAB3 /* LimbAssessment.swift in Sources */ = {isa = PBXBuildFile; fileRef = 79AC68A4201107440055FAB3 /* LimbAssessment.swift */; };
		79E2A45B200669B200678D6B /* SkinGynGUDRE VC.swift in Sources */ = {isa = PBXBuildFile; fileRef = 79E2A45A200669B200678D6B /* SkinGynGUDRE VC.swift */; };
		79E2A45D200669E100678D6B /* Skin Model.swift in Sources */ = {isa = PBXBuildFile; fileRef = 79E2A45C200669E100678D6B /* Skin Model.swift */; };
		79E2A45F2006706800678D6B /* GU Model.swift in Sources */ = {isa = PBXBuildFile; fileRef = 79E2A45E2006706800678D6B /* GU Model.swift */; };
		79E2A4612006712100678D6B /* Gyn Model.swift in Sources */ = {isa = PBXBuildFile; fileRef = 79E2A4602006712100678D6B /* Gyn Model.swift */; };
		79E2A4632006790D00678D6B /* DRE Model.swift in Sources */ = {isa = PBXBuildFile; fileRef = 79E2A4622006790D00678D6B /* DRE Model.swift */; };
		79E2A46520067B4C00678D6B /* Extremties Model.swift in Sources */ = {isa = PBXBuildFile; fileRef = 79E2A46420067B4C00678D6B /* Extremties Model.swift */; };
		79E2A46720067B8900678D6B /* Breast VC.swift in Sources */ = {isa = PBXBuildFile; fileRef = 79E2A46620067B8900678D6B /* Breast VC.swift */; };
		79E2A46920067B9900678D6B /* Breast Model.swift in Sources */ = {isa = PBXBuildFile; fileRef = 79E2A46820067B9900678D6B /* Breast Model.swift */; };
		79E806CF20237460008C9C75 /* GlobalControlls VC.swift in Sources */ = {isa = PBXBuildFile; fileRef = 79E806CE20237460008C9C75 /* GlobalControlls VC.swift */; };
/* End PBXBuildFile section */

/* Begin PBXFileReference section */
		7908FF391FEBFA6A00B852A7 /* NeuroMSK VC.swift */ = {isa = PBXFileReference; lastKnownFileType = sourcecode.swift; path = "NeuroMSK VC.swift"; sourceTree = "<group>"; };
		7908FF3B1FEBFA7D00B852A7 /* MSK Model.swift */ = {isa = PBXFileReference; lastKnownFileType = sourcecode.swift; path = "MSK Model.swift"; sourceTree = "<group>"; };
		7908FF3D1FEBFE1600B852A7 /* GeneralExtensions.swift */ = {isa = PBXFileReference; fileEncoding = 4; lastKnownFileType = sourcecode.swift; path = GeneralExtensions.swift; sourceTree = "<group>"; };
		7908FF3F1FEBFE1C00B852A7 /* StringExtensions.swift */ = {isa = PBXFileReference; fileEncoding = 4; lastKnownFileType = sourcecode.swift; path = StringExtensions.swift; sourceTree = "<group>"; };
		790A83A62003E56F006712CF /* Psychological Model.swift */ = {isa = PBXFileReference; lastKnownFileType = sourcecode.swift; path = "Psychological Model.swift"; sourceTree = "<group>"; };
		790A83A82003EA5C006712CF /* HeadEye Model.swift */ = {isa = PBXFileReference; lastKnownFileType = sourcecode.swift; path = "HeadEye Model.swift"; sourceTree = "<group>"; };
		790A83AA2003F41A006712CF /* Neck Model.swift */ = {isa = PBXFileReference; lastKnownFileType = sourcecode.swift; path = "Neck Model.swift"; sourceTree = "<group>"; };
		790A83AC2003F567006712CF /* ENT Model.swift */ = {isa = PBXFileReference; lastKnownFileType = sourcecode.swift; path = "ENT Model.swift"; sourceTree = "<group>"; };
		790A83AE2003FAE1006712CF /* CVChestGILymph VC.swift */ = {isa = PBXFileReference; lastKnownFileType = sourcecode.swift; path = "CVChestGILymph VC.swift"; sourceTree = "<group>"; };
		790A83B02003FB61006712CF /* CV Model.swift */ = {isa = PBXFileReference; lastKnownFileType = sourcecode.swift; path = "CV Model.swift"; sourceTree = "<group>"; };
		79369EE01FFFEC96005FDE4A /* GenPsychHEENTNeck VC.swift */ = {isa = PBXFileReference; lastKnownFileType = sourcecode.swift; path = "GenPsychHEENTNeck VC.swift"; sourceTree = "<group>"; };
		79369EE21FFFECBE005FDE4A /* General Model.swift */ = {isa = PBXFileReference; lastKnownFileType = sourcecode.swift; path = "General Model.swift"; sourceTree = "<group>"; };
		7955507E200516D900DBC4DB /* Chest Model.swift */ = {isa = PBXFileReference; lastKnownFileType = sourcecode.swift; path = "Chest Model.swift"; sourceTree = "<group>"; };
		795550802005191800DBC4DB /* GI Model.swift */ = {isa = PBXFileReference; lastKnownFileType = sourcecode.swift; path = "GI Model.swift"; sourceTree = "<group>"; };
		7955508220051ABE00DBC4DB /* Lymph Model.swift */ = {isa = PBXFileReference; lastKnownFileType = sourcecode.swift; path = "Lymph Model.swift"; sourceTree = "<group>"; };
		7955508420053BEC00DBC4DB /* Extremities VC.swift */ = {isa = PBXFileReference; lastKnownFileType = sourcecode.swift; path = "Extremities VC.swift"; sourceTree = "<group>"; };
		79555086200549C500DBC4DB /* Neuro Model.swift */ = {isa = PBXFileReference; lastKnownFileType = sourcecode.swift; path = "Neuro Model.swift"; sourceTree = "<group>"; };
		795FBEC31FEACB700095B05D /* Physical Exam 2.app */ = {isa = PBXFileReference; explicitFileType = wrapper.application; includeInIndex = 0; path = "Physical Exam 2.app"; sourceTree = BUILT_PRODUCTS_DIR; };
		795FBEC61FEACB700095B05D /* AppDelegate.swift */ = {isa = PBXFileReference; lastKnownFileType = sourcecode.swift; path = AppDelegate.swift; sourceTree = "<group>"; };
		795FBEC81FEACB700095B05D /* ViewController.swift */ = {isa = PBXFileReference; lastKnownFileType = sourcecode.swift; path = ViewController.swift; sourceTree = "<group>"; };
		795FBECA1FEACB700095B05D /* Assets.xcassets */ = {isa = PBXFileReference; lastKnownFileType = folder.assetcatalog; path = Assets.xcassets; sourceTree = "<group>"; };
		795FBECD1FEACB700095B05D /* Base */ = {isa = PBXFileReference; lastKnownFileType = file.storyboard; name = Base; path = Base.lproj/Main.storyboard; sourceTree = "<group>"; };
		795FBECF1FEACB700095B05D /* Info.plist */ = {isa = PBXFileReference; lastKnownFileType = text.plist.xml; path = Info.plist; sourceTree = "<group>"; };
		795FBED01FEACB700095B05D /* Physical_Exam_2.entitlements */ = {isa = PBXFileReference; lastKnownFileType = text.plist.entitlements; path = Physical_Exam_2.entitlements; sourceTree = "<group>"; };
		79AC68A2201106F40055FAB3 /* DigitAssessment.swift */ = {isa = PBXFileReference; lastKnownFileType = sourcecode.swift; path = DigitAssessment.swift; sourceTree = "<group>"; };
		79AC68A4201107440055FAB3 /* LimbAssessment.swift */ = {isa = PBXFileReference; lastKnownFileType = sourcecode.swift; path = LimbAssessment.swift; sourceTree = "<group>"; };
		79E2A45A200669B200678D6B /* SkinGynGUDRE VC.swift */ = {isa = PBXFileReference; lastKnownFileType = sourcecode.swift; path = "SkinGynGUDRE VC.swift"; sourceTree = "<group>"; };
		79E2A45C200669E100678D6B /* Skin Model.swift */ = {isa = PBXFileReference; lastKnownFileType = sourcecode.swift; path = "Skin Model.swift"; sourceTree = "<group>"; };
		79E2A45E2006706800678D6B /* GU Model.swift */ = {isa = PBXFileReference; lastKnownFileType = sourcecode.swift; path = "GU Model.swift"; sourceTree = "<group>"; };
		79E2A4602006712100678D6B /* Gyn Model.swift */ = {isa = PBXFileReference; lastKnownFileType = sourcecode.swift; path = "Gyn Model.swift"; sourceTree = "<group>"; };
		79E2A4622006790D00678D6B /* DRE Model.swift */ = {isa = PBXFileReference; lastKnownFileType = sourcecode.swift; path = "DRE Model.swift"; sourceTree = "<group>"; };
		79E2A46420067B4C00678D6B /* Extremties Model.swift */ = {isa = PBXFileReference; lastKnownFileType = sourcecode.swift; path = "Extremties Model.swift"; sourceTree = "<group>"; };
		79E2A46620067B8900678D6B /* Breast VC.swift */ = {isa = PBXFileReference; lastKnownFileType = sourcecode.swift; path = "Breast VC.swift"; sourceTree = "<group>"; };
		79E2A46820067B9900678D6B /* Breast Model.swift */ = {isa = PBXFileReference; lastKnownFileType = sourcecode.swift; path = "Breast Model.swift"; sourceTree = "<group>"; };
		79E806CE20237460008C9C75 /* GlobalControlls VC.swift */ = {isa = PBXFileReference; lastKnownFileType = sourcecode.swift; path = "GlobalControlls VC.swift"; sourceTree = "<group>"; };
/* End PBXFileReference section */

/* Begin PBXFrameworksBuildPhase section */
		795FBEC01FEACB700095B05D /* Frameworks */ = {
			isa = PBXFrameworksBuildPhase;
			buildActionMask = 2147483647;
			files = (
			);
			runOnlyForDeploymentPostprocessing = 0;
		};
/* End PBXFrameworksBuildPhase section */

/* Begin PBXGroup section */
		795FBEBA1FEACB700095B05D = {
			isa = PBXGroup;
			children = (
				795FBEC51FEACB700095B05D /* Physical Exam 2 */,
				795FBEC41FEACB700095B05D /* Products */,
			);
			sourceTree = "<group>";
		};
		795FBEC41FEACB700095B05D /* Products */ = {
			isa = PBXGroup;
			children = (
				795FBEC31FEACB700095B05D /* Physical Exam 2.app */,
			);
			name = Products;
			sourceTree = "<group>";
		};
		795FBEC51FEACB700095B05D /* Physical Exam 2 */ = {
			isa = PBXGroup;
			children = (
				795FBECC1FEACB700095B05D /* Main.storyboard */,
				795FBEC61FEACB700095B05D /* AppDelegate.swift */,
				79E806CE20237460008C9C75 /* GlobalControlls VC.swift */,
				795FBEC81FEACB700095B05D /* ViewController.swift */,
				79E2A46A20069CB500678D6B /* Gen-Psych-He-ENT-Neck */,
				79E2A46B20069CD800678D6B /* CV-Chest-GI-Lymph */,
				79E2A46C20069CEC00678D6B /* Extremities */,
				79E2A46D20069CFD00678D6B /* Neuro-MSK */,
				79E2A46E20069D1000678D6B /* Skin-Gyn-GU-DRE */,
				79E2A46F20069D2100678D6B /* Breast */,
				795FBECA1FEACB700095B05D /* Assets.xcassets */,
				795FBECF1FEACB700095B05D /* Info.plist */,
				795FBED01FEACB700095B05D /* Physical_Exam_2.entitlements */,
				7908FF3D1FEBFE1600B852A7 /* GeneralExtensions.swift */,
				7908FF3F1FEBFE1C00B852A7 /* StringExtensions.swift */,
			);
			path = "Physical Exam 2";
			sourceTree = "<group>";
		};
		79E2A46A20069CB500678D6B /* Gen-Psych-He-ENT-Neck */ = {
			isa = PBXGroup;
			children = (
				79369EE01FFFEC96005FDE4A /* GenPsychHEENTNeck VC.swift */,
				79369EE21FFFECBE005FDE4A /* General Model.swift */,
				790A83A62003E56F006712CF /* Psychological Model.swift */,
				790A83A82003EA5C006712CF /* HeadEye Model.swift */,
				790A83AC2003F567006712CF /* ENT Model.swift */,
				790A83AA2003F41A006712CF /* Neck Model.swift */,
			);
			path = "Gen-Psych-He-ENT-Neck";
			sourceTree = "<group>";
		};
		79E2A46B20069CD800678D6B /* CV-Chest-GI-Lymph */ = {
			isa = PBXGroup;
			children = (
				790A83AE2003FAE1006712CF /* CVChestGILymph VC.swift */,
				790A83B02003FB61006712CF /* CV Model.swift */,
				7955507E200516D900DBC4DB /* Chest Model.swift */,
				795550802005191800DBC4DB /* GI Model.swift */,
				7955508220051ABE00DBC4DB /* Lymph Model.swift */,
			);
			path = "CV-Chest-GI-Lymph";
			sourceTree = "<group>";
		};
		79E2A46C20069CEC00678D6B /* Extremities */ = {
			isa = PBXGroup;
			children = (
				7955508420053BEC00DBC4DB /* Extremities VC.swift */,
				79E2A46420067B4C00678D6B /* Extremties Model.swift */,
				79AC68A2201106F40055FAB3 /* DigitAssessment.swift */,
				79AC68A4201107440055FAB3 /* LimbAssessment.swift */,
			);
			path = Extremities;
			sourceTree = "<group>";
		};
		79E2A46D20069CFD00678D6B /* Neuro-MSK */ = {
			isa = PBXGroup;
			children = (
				7908FF391FEBFA6A00B852A7 /* NeuroMSK VC.swift */,
				79555086200549C500DBC4DB /* Neuro Model.swift */,
				7908FF3B1FEBFA7D00B852A7 /* MSK Model.swift */,
			);
			path = "Neuro-MSK";
			sourceTree = "<group>";
		};
		79E2A46E20069D1000678D6B /* Skin-Gyn-GU-DRE */ = {
			isa = PBXGroup;
			children = (
				79E2A45A200669B200678D6B /* SkinGynGUDRE VC.swift */,
				79E2A45C200669E100678D6B /* Skin Model.swift */,
				79E2A4602006712100678D6B /* Gyn Model.swift */,
				79E2A45E2006706800678D6B /* GU Model.swift */,
				79E2A4622006790D00678D6B /* DRE Model.swift */,
			);
			path = "Skin-Gyn-GU-DRE";
			sourceTree = "<group>";
		};
		79E2A46F20069D2100678D6B /* Breast */ = {
			isa = PBXGroup;
			children = (
				79E2A46620067B8900678D6B /* Breast VC.swift */,
				79E2A46820067B9900678D6B /* Breast Model.swift */,
			);
			path = Breast;
			sourceTree = "<group>";
		};
/* End PBXGroup section */

/* Begin PBXNativeTarget section */
		795FBEC21FEACB700095B05D /* Physical Exam 2 */ = {
			isa = PBXNativeTarget;
			buildConfigurationList = 795FBED31FEACB700095B05D /* Build configuration list for PBXNativeTarget "Physical Exam 2" */;
			buildPhases = (
				795FBEBF1FEACB700095B05D /* Sources */,
				795FBEC01FEACB700095B05D /* Frameworks */,
				795FBEC11FEACB700095B05D /* Resources */,
			);
			buildRules = (
			);
			dependencies = (
			);
			name = "Physical Exam 2";
			productName = "Physical Exam 2";
			productReference = 795FBEC31FEACB700095B05D /* Physical Exam 2.app */;
			productType = "com.apple.product-type.application";
		};
/* End PBXNativeTarget section */

/* Begin PBXProject section */
		795FBEBB1FEACB700095B05D /* Project object */ = {
			isa = PBXProject;
			attributes = {
				LastSwiftUpdateCheck = 0920;
				LastUpgradeCheck = 0930;
				ORGANIZATIONNAME = "Fulgent Wake";
				TargetAttributes = {
					795FBEC21FEACB700095B05D = {
						CreatedOnToolsVersion = 9.2;
						ProvisioningStyle = Automatic;
					};
				};
			};
			buildConfigurationList = 795FBEBE1FEACB700095B05D /* Build configuration list for PBXProject "Physical Exam 2" */;
			compatibilityVersion = "Xcode 8.0";
			developmentRegion = en;
			hasScannedForEncodings = 0;
			knownRegions = (
				en,
				Base,
			);
			mainGroup = 795FBEBA1FEACB700095B05D;
			productRefGroup = 795FBEC41FEACB700095B05D /* Products */;
			projectDirPath = "";
			projectRoot = "";
			targets = (
				795FBEC21FEACB700095B05D /* Physical Exam 2 */,
			);
		};
/* End PBXProject section */

/* Begin PBXResourcesBuildPhase section */
		795FBEC11FEACB700095B05D /* Resources */ = {
			isa = PBXResourcesBuildPhase;
			buildActionMask = 2147483647;
			files = (
				795FBECB1FEACB700095B05D /* Assets.xcassets in Resources */,
				795FBECE1FEACB700095B05D /* Main.storyboard in Resources */,
			);
			runOnlyForDeploymentPostprocessing = 0;
		};
/* End PBXResourcesBuildPhase section */

/* Begin PBXSourcesBuildPhase section */
		795FBEBF1FEACB700095B05D /* Sources */ = {
			isa = PBXSourcesBuildPhase;
			buildActionMask = 2147483647;
			files = (
				79E2A45F2006706800678D6B /* GU Model.swift in Sources */,
				7955507F200516D900DBC4DB /* Chest Model.swift in Sources */,
				7955508520053BEC00DBC4DB /* Extremities VC.swift in Sources */,
				790A83A92003EA5C006712CF /* HeadEye Model.swift in Sources */,
				7908FF401FEBFE1C00B852A7 /* StringExtensions.swift in Sources */,
				79E806CF20237460008C9C75 /* GlobalControlls VC.swift in Sources */,
				7908FF3E1FEBFE1600B852A7 /* GeneralExtensions.swift in Sources */,
				79E2A4632006790D00678D6B /* DRE Model.swift in Sources */,
				795FBEC91FEACB700095B05D /* ViewController.swift in Sources */,
				7908FF3C1FEBFA7D00B852A7 /* MSK Model.swift in Sources */,
				79555087200549C500DBC4DB /* Neuro Model.swift in Sources */,
				7908FF3A1FEBFA6A00B852A7 /* NeuroMSK VC.swift in Sources */,
				790A83AB2003F41A006712CF /* Neck Model.swift in Sources */,
				79369EE11FFFEC96005FDE4A /* GenPsychHEENTNeck VC.swift in Sources */,
				79E2A45B200669B200678D6B /* SkinGynGUDRE VC.swift in Sources */,
				79E2A4612006712100678D6B /* Gyn Model.swift in Sources */,
				79AC68A3201106F40055FAB3 /* DigitAssessment.swift in Sources */,
				7955508320051ABE00DBC4DB /* Lymph Model.swift in Sources */,
				79E2A45D200669E100678D6B /* Skin Model.swift in Sources */,
				790A83AF2003FAE1006712CF /* CVChestGILymph VC.swift in Sources */,
				795550812005191800DBC4DB /* GI Model.swift in Sources */,
				795FBEC71FEACB700095B05D /* AppDelegate.swift in Sources */,
				79369EE31FFFECBE005FDE4A /* General Model.swift in Sources */,
				790A83B12003FB61006712CF /* CV Model.swift in Sources */,
				790A83AD2003F567006712CF /* ENT Model.swift in Sources */,
				79E2A46920067B9900678D6B /* Breast Model.swift in Sources */,
				79E2A46520067B4C00678D6B /* Extremties Model.swift in Sources */,
				79AC68A5201107440055FAB3 /* LimbAssessment.swift in Sources */,
				79E2A46720067B8900678D6B /* Breast VC.swift in Sources */,
				790A83A72003E56F006712CF /* Psychological Model.swift in Sources */,
			);
			runOnlyForDeploymentPostprocessing = 0;
		};
/* End PBXSourcesBuildPhase section */

/* Begin PBXVariantGroup section */
		795FBECC1FEACB700095B05D /* Main.storyboard */ = {
			isa = PBXVariantGroup;
			children = (
				795FBECD1FEACB700095B05D /* Base */,
			);
			name = Main.storyboard;
			sourceTree = "<group>";
		};
/* End PBXVariantGroup section */

/* Begin XCBuildConfiguration section */
		795FBED11FEACB700095B05D /* Debug */ = {
			isa = XCBuildConfiguration;
			buildSettings = {
				ALWAYS_SEARCH_USER_PATHS = NO;
				CLANG_ANALYZER_NONNULL = YES;
				CLANG_ANALYZER_NUMBER_OBJECT_CONVERSION = YES_AGGRESSIVE;
				CLANG_CXX_LANGUAGE_STANDARD = "gnu++14";
				CLANG_CXX_LIBRARY = "libc++";
				CLANG_ENABLE_MODULES = YES;
				CLANG_ENABLE_OBJC_ARC = YES;
				CLANG_WARN_BLOCK_CAPTURE_AUTORELEASING = YES;
				CLANG_WARN_BOOL_CONVERSION = YES;
				CLANG_WARN_COMMA = YES;
				CLANG_WARN_CONSTANT_CONVERSION = YES;
				CLANG_WARN_DEPRECATED_OBJC_IMPLEMENTATIONS = YES;
				CLANG_WARN_DIRECT_OBJC_ISA_USAGE = YES_ERROR;
				CLANG_WARN_DOCUMENTATION_COMMENTS = YES;
				CLANG_WARN_EMPTY_BODY = YES;
				CLANG_WARN_ENUM_CONVERSION = YES;
				CLANG_WARN_INFINITE_RECURSION = YES;
				CLANG_WARN_INT_CONVERSION = YES;
				CLANG_WARN_NON_LITERAL_NULL_CONVERSION = YES;
				CLANG_WARN_OBJC_IMPLICIT_RETAIN_SELF = YES;
				CLANG_WARN_OBJC_LITERAL_CONVERSION = YES;
				CLANG_WARN_OBJC_ROOT_CLASS = YES_ERROR;
				CLANG_WARN_RANGE_LOOP_ANALYSIS = YES;
				CLANG_WARN_STRICT_PROTOTYPES = YES;
				CLANG_WARN_SUSPICIOUS_MOVE = YES;
				CLANG_WARN_UNGUARDED_AVAILABILITY = YES_AGGRESSIVE;
				CLANG_WARN_UNREACHABLE_CODE = YES;
				CLANG_WARN__DUPLICATE_METHOD_MATCH = YES;
				CODE_SIGN_IDENTITY = "Mac Developer";
				COPY_PHASE_STRIP = NO;
				DEBUG_INFORMATION_FORMAT = dwarf;
				ENABLE_STRICT_OBJC_MSGSEND = YES;
				ENABLE_TESTABILITY = YES;
				GCC_C_LANGUAGE_STANDARD = gnu11;
				GCC_DYNAMIC_NO_PIC = NO;
				GCC_NO_COMMON_BLOCKS = YES;
				GCC_OPTIMIZATION_LEVEL = 0;
				GCC_PREPROCESSOR_DEFINITIONS = (
					"DEBUG=1",
					"$(inherited)",
				);
				GCC_WARN_64_TO_32_BIT_CONVERSION = YES;
				GCC_WARN_ABOUT_RETURN_TYPE = YES_ERROR;
				GCC_WARN_UNDECLARED_SELECTOR = YES;
				GCC_WARN_UNINITIALIZED_AUTOS = YES_AGGRESSIVE;
				GCC_WARN_UNUSED_FUNCTION = YES;
				GCC_WARN_UNUSED_VARIABLE = YES;
				MACOSX_DEPLOYMENT_TARGET = 10.11;
				MTL_ENABLE_DEBUG_INFO = YES;
				ONLY_ACTIVE_ARCH = YES;
				SDKROOT = macosx;
				SWIFT_ACTIVE_COMPILATION_CONDITIONS = DEBUG;
				SWIFT_OPTIMIZATION_LEVEL = "-Onone";
			};
			name = Debug;
		};
		795FBED21FEACB700095B05D /* Release */ = {
			isa = XCBuildConfiguration;
			buildSettings = {
				ALWAYS_SEARCH_USER_PATHS = NO;
				CLANG_ANALYZER_NONNULL = YES;
				CLANG_ANALYZER_NUMBER_OBJECT_CONVERSION = YES_AGGRESSIVE;
				CLANG_CXX_LANGUAGE_STANDARD = "gnu++14";
				CLANG_CXX_LIBRARY = "libc++";
				CLANG_ENABLE_MODULES = YES;
				CLANG_ENABLE_OBJC_ARC = YES;
				CLANG_WARN_BLOCK_CAPTURE_AUTORELEASING = YES;
				CLANG_WARN_BOOL_CONVERSION = YES;
				CLANG_WARN_COMMA = YES;
				CLANG_WARN_CONSTANT_CONVERSION = YES;
				CLANG_WARN_DEPRECATED_OBJC_IMPLEMENTATIONS = YES;
				CLANG_WARN_DIRECT_OBJC_ISA_USAGE = YES_ERROR;
				CLANG_WARN_DOCUMENTATION_COMMENTS = YES;
				CLANG_WARN_EMPTY_BODY = YES;
				CLANG_WARN_ENUM_CONVERSION = YES;
				CLANG_WARN_INFINITE_RECURSION = YES;
				CLANG_WARN_INT_CONVERSION = YES;
				CLANG_WARN_NON_LITERAL_NULL_CONVERSION = YES;
				CLANG_WARN_OBJC_IMPLICIT_RETAIN_SELF = YES;
				CLANG_WARN_OBJC_LITERAL_CONVERSION = YES;
				CLANG_WARN_OBJC_ROOT_CLASS = YES_ERROR;
				CLANG_WARN_RANGE_LOOP_ANALYSIS = YES;
				CLANG_WARN_STRICT_PROTOTYPES = YES;
				CLANG_WARN_SUSPICIOUS_MOVE = YES;
				CLANG_WARN_UNGUARDED_AVAILABILITY = YES_AGGRESSIVE;
				CLANG_WARN_UNREACHABLE_CODE = YES;
				CLANG_WARN__DUPLICATE_METHOD_MATCH = YES;
				CODE_SIGN_IDENTITY = "Mac Developer";
				COPY_PHASE_STRIP = NO;
				DEBUG_INFORMATION_FORMAT = "dwarf-with-dsym";
				ENABLE_NS_ASSERTIONS = NO;
				ENABLE_STRICT_OBJC_MSGSEND = YES;
				GCC_C_LANGUAGE_STANDARD = gnu11;
				GCC_NO_COMMON_BLOCKS = YES;
				GCC_WARN_64_TO_32_BIT_CONVERSION = YES;
				GCC_WARN_ABOUT_RETURN_TYPE = YES_ERROR;
				GCC_WARN_UNDECLARED_SELECTOR = YES;
				GCC_WARN_UNINITIALIZED_AUTOS = YES_AGGRESSIVE;
				GCC_WARN_UNUSED_FUNCTION = YES;
				GCC_WARN_UNUSED_VARIABLE = YES;
				MACOSX_DEPLOYMENT_TARGET = 10.11;
				MTL_ENABLE_DEBUG_INFO = NO;
				SDKROOT = macosx;
				SWIFT_OPTIMIZATION_LEVEL = "-Owholemodule";
			};
			name = Release;
		};
		795FBED41FEACB700095B05D /* Debug */ = {
			isa = XCBuildConfiguration;
			buildSettings = {
				ASSETCATALOG_COMPILER_APPICON_NAME = AppIcon;
				CLANG_ENABLE_OBJC_WEAK = YES;
				CODE_SIGN_ENTITLEMENTS = "Physical Exam 2/Physical_Exam_2.entitlements";
				CODE_SIGN_STYLE = Automatic;
				COMBINE_HIDPI_IMAGES = YES;
				DEVELOPMENT_TEAM = VY6BVT84SC;
				INFOPLIST_FILE = "Physical Exam 2/Info.plist";
				LD_RUNPATH_SEARCH_PATHS = "$(inherited) @executable_path/../Frameworks";
				MACOSX_DEPLOYMENT_TARGET = 10.11;
				PRODUCT_BUNDLE_IDENTIFIER = "com.fulgentwake.Physical-Exam-2";
				PRODUCT_NAME = "$(TARGET_NAME)";
				SWIFT_VERSION = 4.0;
			};
			name = Debug;
		};
		795FBED51FEACB700095B05D /* Release */ = {
			isa = XCBuildConfiguration;
			buildSettings = {
				ASSETCATALOG_COMPILER_APPICON_NAME = AppIcon;
				CLANG_ENABLE_OBJC_WEAK = YES;
				CODE_SIGN_ENTITLEMENTS = "Physical Exam 2/Physical_Exam_2.entitlements";
				CODE_SIGN_STYLE = Automatic;
				COMBINE_HIDPI_IMAGES = YES;
				DEVELOPMENT_TEAM = VY6BVT84SC;
				INFOPLIST_FILE = "Physical Exam 2/Info.plist";
				LD_RUNPATH_SEARCH_PATHS = "$(inherited) @executable_path/../Frameworks";
				MACOSX_DEPLOYMENT_TARGET = 10.11;
				PRODUCT_BUNDLE_IDENTIFIER = "com.fulgentwake.Physical-Exam-2";
				PRODUCT_NAME = "$(TARGET_NAME)";
				SWIFT_VERSION = 4.0;
			};
			name = Release;
		};
/* End XCBuildConfiguration section */

/* Begin XCConfigurationList section */
		795FBEBE1FEACB700095B05D /* Build configuration list for PBXProject "Physical Exam 2" */ = {
			isa = XCConfigurationList;
			buildConfigurations = (
				795FBED11FEACB700095B05D /* Debug */,
				795FBED21FEACB700095B05D /* Release */,
			);
			defaultConfigurationIsVisible = 0;
			defaultConfigurationName = Release;
		};
		795FBED31FEACB700095B05D /* Build configuration list for PBXNativeTarget "Physical Exam 2" */ = {
			isa = XCConfigurationList;
			buildConfigurations = (
				795FBED41FEACB700095B05D /* Debug */,
				795FBED51FEACB700095B05D /* Release */,
			);
			defaultConfigurationIsVisible = 0;
			defaultConfigurationName = Release;
		};
/* End XCConfigurationList section */
	};
	rootObject = 795FBEBB1FEACB700095B05D /* Project object */;
}
